
Microsoft Visual Studio Solution File, Format Version 12.00
# Visual Studio 14
VisualStudioVersion = 14.0.23107.0
MinimumVisualStudioVersion = 10.0.40219.1
Project("{FAE04EC0-301F-11D3-BF4B-00C04F79EFBC}") = "Angelfish.AfxStudio", "Angelfish.AfxStudio\Angelfish.AfxStudio.csproj", "{0605B312-CEDB-4B9E-8A10-9DF69B34B2B0}"
EndProject
Project("{FAE04EC0-301F-11D3-BF4B-00C04F79EFBC}") = "Angelfish.AfxSystem.A.Common", "Angelfish.AfxSystem.A.Common\Angelfish.AfxSystem.A.Common.csproj", "{60481D5E-52A0-4556-9D05-6B6269BACACB}"
EndProject
Project("{FAE04EC0-301F-11D3-BF4B-00C04F79EFBC}") = "Angelfish.AfxSystem.A.Common.Ui", "Angelfish.AfxSystem.A.Common.Ui\Angelfish.AfxSystem.A.Common.Ui.csproj", "{9B7B6346-60B2-45D9-A6AE-7EE9359336C0}"
EndProject
Project("{FAE04EC0-301F-11D3-BF4B-00C04F79EFBC}") = "Angelfish.AfxSystem.X.Common", "Angelfish.AfxSystem.X.Common\Angelfish.AfxSystem.X.Common.csproj", "{CFD9EBE8-28B4-44DA-AA27-7882ED1A04FB}"
EndProject
Global
	GlobalSection(SolutionConfigurationPlatforms) = preSolution
		Debug|Any CPU = Debug|Any CPU
		Release|Any CPU = Release|Any CPU
	EndGlobalSection
	GlobalSection(ProjectConfigurationPlatforms) = postSolution
		{0605B312-CEDB-4B9E-8A10-9DF69B34B2B0}.Debug|Any CPU.ActiveCfg = Debug|Any CPU
		{0605B312-CEDB-4B9E-8A10-9DF69B34B2B0}.Debug|Any CPU.Build.0 = Debug|Any CPU
		{0605B312-CEDB-4B9E-8A10-9DF69B34B2B0}.Release|Any CPU.ActiveCfg = Release|Any CPU
		{0605B312-CEDB-4B9E-8A10-9DF69B34B2B0}.Release|Any CPU.Build.0 = Release|Any CPU
		{60481D5E-52A0-4556-9D05-6B6269BACACB}.Debug|Any CPU.ActiveCfg = Debug|Any CPU
		{60481D5E-52A0-4556-9D05-6B6269BACACB}.Debug|Any CPU.Build.0 = Debug|Any CPU
		{60481D5E-52A0-4556-9D05-6B6269BACACB}.Release|Any CPU.ActiveCfg = Release|Any CPU
		{60481D5E-52A0-4556-9D05-6B6269BACACB}.Release|Any CPU.Build.0 = Release|Any CPU
		{9B7B6346-60B2-45D9-A6AE-7EE9359336C0}.Debug|Any CPU.ActiveCfg = Debug|Any CPU
		{9B7B6346-60B2-45D9-A6AE-7EE9359336C0}.Debug|Any CPU.Build.0 = Debug|Any CPU
		{9B7B6346-60B2-45D9-A6AE-7EE9359336C0}.Release|Any CPU.ActiveCfg = Release|Any CPU
		{9B7B6346-60B2-45D9-A6AE-7EE9359336C0}.Release|Any CPU.Build.0 = Release|Any CPU
		{CFD9EBE8-28B4-44DA-AA27-7882ED1A04FB}.Debug|Any CPU.ActiveCfg = Debug|Any CPU
		{CFD9EBE8-28B4-44DA-AA27-7882ED1A04FB}.Debug|Any CPU.Build.0 = Debug|Any CPU
		{CFD9EBE8-28B4-44DA-AA27-7882ED1A04FB}.Release|Any CPU.ActiveCfg = Release|Any CPU
		{CFD9EBE8-28B4-44DA-AA27-7882ED1A04FB}.Release|Any CPU.Build.0 = Release|Any CPU
	EndGlobalSection
	GlobalSection(SolutionProperties) = preSolution
		HideSolutionNode = FALSE
	EndGlobalSection
EndGlobal
